
Microsoft Visual Studio Solution File, Format Version 12.00
# Visual Studio Version 17
VisualStudioVersion = 17.5.002.0
MinimumVisualStudioVersion = 10.0.40219.1
Project("{9A19103F-16F7-4668-BE54-9A1E7A4F7556}") = "FirstApi", "FirstApi.csproj", "{FC773FA6-69E4-4A3C-BFA1-0C1A5C04F83B}"
EndProject
Global
	GlobalSection(SolutionConfigurationPlatforms) = preSolution
		Debug|Any CPU = Debug|Any CPU
		Release|Any CPU = Release|Any CPU
	EndGlobalSection
	GlobalSection(ProjectConfigurationPlatforms) = postSolution
		{FC773FA6-69E4-4A3C-BFA1-0C1A5C04F83B}.Debug|Any CPU.ActiveCfg = Debug|Any CPU
		{FC773FA6-69E4-4A3C-BFA1-0C1A5C04F83B}.Debug|Any CPU.Build.0 = Debug|Any CPU
		{FC773FA6-69E4-4A3C-BFA1-0C1A5C04F83B}.Release|Any CPU.ActiveCfg = Release|Any CPU
		{FC773FA6-69E4-4A3C-BFA1-0C1A5C04F83B}.Release|Any CPU.Build.0 = Release|Any CPU
	EndGlobalSection
	GlobalSection(SolutionProperties) = preSolution
		HideSolutionNode = FALSE
	EndGlobalSection
	GlobalSection(ExtensibilityGlobals) = postSolution
		SolutionGuid = {1454B292-468C-45AC-95A6-6180E2DA2E77}
	EndGlobalSection
EndGlobal
